<?xml version="1.0" encoding="utf-8"?>
<Project ToolsVersion="4.0" xmlns="http://schemas.microsoft.com/developer/msbuild/2003">
  <ItemGroup>
    <Filter Include="Source Files">
      <UniqueIdentifier>{4FC737F1-C7A5-4376-A066-2A32D752A2FF}</UniqueIdentifier>
      <Extensions>cpp;c;cc;cxx;c++;cppm;ixx;def;odl;idl;hpj;bat;asm;asmx</Extensions>
    </Filter>
    <Filter Include="Header Files">
      <UniqueIdentifier>{93995380-89BD-4b04-88EB-625FBE52EBFB}</UniqueIdentifier>
      <Extensions>h;hh;hpp;hxx;h++;hm;inl;inc;ipp;xsd</Extensions>
    </Filter>
    <Filter Include="Resource Files">
      <UniqueIdentifier>{67DA6AB6-F800-4c08-8B7A-83BB121AAD01}</UniqueIdentifier>
      <Extensions>rc;ico;cur;bmp;dlg;rc2;rct;bin;rgs;gif;jpg;jpeg;jpe;resx;tiff;tif;png;wav;mfcribbon-ms</Extensions>
    </Filter>
  </ItemGroup>
  <ItemGroup>
    <ClCompile Include="Test.cpp">
      <Filter>Source Files</Filter>
    </ClCompile>
    <ClCompile Include="C2_DINHTHUC_MATRANNGHICHDAO.cpp">
      <Filter>Source Files</Filter>
    </ClCompile>
    <ClCompile Include="C2_PHANRA_CHOLESKY.cpp">
      <Filter>Source Files</Filter>
    </ClCompile>
    <ClCompile Include="C2_PHANRA_SVD.cpp">
      <Filter>Source Files</Filter>
    </ClCompile>
    <ClCompile Include="C2_PHANRA_GTR_VTR.cpp">
      <Filter>Source Files</Filter>
    </ClCompile>
    <ClCompile Include="C4_GD.cpp">
      <Filter>Source Files</Filter>
    </ClCompile>
    <ClCompile Include="C4_GDvsMomentum.cpp">
      <Filter>Source Files</Filter>
    </ClCompile>
    <ClCompile Include="C4_GDnhieubien.cpp">
      <Filter>Source Files</Filter>
    </ClCompile>
    <ClCompile Include="C4_GDvsMomentum_nhieubien.cpp">
      <Filter>Source Files</Filter>
    </ClCompile>
    <ClCompile Include="C3_BAOLOI.cpp">
      <Filter>Source Files</Filter>
    </ClCompile>
    <ClCompile Include="C3_CacdiemnambentrongBAOLOI.cpp">
      <Filter>Source Files</Filter>
    </ClCompile>
    <ClCompile Include="C3_TimcanhngannhatcuaBAOLOI.cpp">
      <Filter>Source Files</Filter>
    </ClCompile>
    <ClCompile Include="C3_TimcanhdainhatcuaBAOLOI.cpp">
      <Filter>Source Files</Filter>
    </ClCompile>
    <ClCompile Include="C3_TinhtongtatcacaccanhcuaBAOLOI.cpp">
      <Filter>Source Files</Filter>
    </ClCompile>
    <ClCompile Include="C3_Capdiemgannhat_2D_Manhattan.cpp">
      <Filter>Source Files</Filter>
    </ClCompile>
    <ClCompile Include="C3_Capdiemgannhat_2D_Euclid.cpp">
      <Filter>Source Files</Filter>
    </ClCompile>
    <ClCompile Include="C3_Capdiemgannhat_3D_Manhattan.cpp">
      <Filter>Source Files</Filter>
    </ClCompile>
    <ClCompile Include="C3_Capdiemgannhat_3D_ Euclid .cpp">
      <Filter>Source Files</Filter>
    </ClCompile>
    <ClCompile Include="C1_phantichthanhtichcacsonguyento_ktrasongto_tonguoc_tichuoc_soluonguoc_dsachcacuoc_danhsachcacsohoanhaonhohonhoacbangN.cpp">
      <Filter>Source Files</Filter>
    </ClCompile>
    <ClCompile Include="C1_TimsonguyentoganNnhat.cpp">
      <Filter>Source Files</Filter>
    </ClCompile>
    <ClCompile Include="C1_AAA_filetonghopcactruonghopcuachuong1.cpp">
      <Filter>Source Files</Filter>
    </ClCompile>
    <ClCompile Include="C1_BBB.cpp">
      <Filter>Source Files</Filter>
    </ClCompile>
    <ClCompile Include="C1_CCC.cpp">
      <Filter>Source Files</Filter>
    </ClCompile>
    <ClCompile Include="C1_DDD.cpp">
      <Filter>Source Files</Filter>
    </ClCompile>
    <ClCompile Include="C1_sohoanhaotrongkhoang_sohoanhaogannhat_songuyentogannhatvoisohoanhao.cpp">
      <Filter>Source Files</Filter>
    </ClCompile>
    <ClCompile Include="C1_tim_indexcuasonguyengannhatvoisonaodo.cpp">
      <Filter>Source Files</Filter>
    </ClCompile>
    <ClCompile Include="C1_diophantine.cpp">
      <Filter>Source Files</Filter>
    </ClCompile>
    <ClCompile Include="C1_Sansonguyento.cpp">
      <Filter>Source Files</Filter>
    </ClCompile>
    <ClCompile Include="C1_AnhanAnghichdaomodN.cpp">
      <Filter>Source Files</Filter>
    </ClCompile>
    <ClCompile Include="C1_UCLN_BCNN.cpp">
      <Filter>Source Files</Filter>
    </ClCompile>
    <ClCompile Include="C1_A_mu_m_mod_n.cpp">
      <Filter>Source Files</Filter>
    </ClCompile>
    <ClCompile Include="C1_Thangdutrunghoa.cpp">
      <Filter>Source Files</Filter>
    </ClCompile>
  </ItemGroup>
</Project>